
Microsoft Visual Studio Solution File, Format Version 12.00
# Visual Studio Version 17
VisualStudioVersion = 17.9.34723.18
MinimumVisualStudioVersion = 10.0.40219.1
Project("{FAE04EC0-301F-11D3-BF4B-00C04F79EFBC}") = "Task6", "Task6.csproj", "{F89EAB19-3DCF-4D30-B45D-185592EBFECE}"
EndProject
Global
	GlobalSection(SolutionConfigurationPlatforms) = preSolution
		Debug|Any CPU = Debug|Any CPU
		Release|Any CPU = Release|Any CPU
	EndGlobalSection
	GlobalSection(ProjectConfigurationPlatforms) = postSolution
		{F89EAB19-3DCF-4D30-B45D-185592EBFECE}.Debug|Any CPU.ActiveCfg = Debug|Any CPU
		{F89EAB19-3DCF-4D30-B45D-185592EBFECE}.Debug|Any CPU.Build.0 = Debug|Any CPU
		{F89EAB19-3DCF-4D30-B45D-185592EBFECE}.Release|Any CPU.ActiveCfg = Release|Any CPU
		{F89EAB19-3DCF-4D30-B45D-185592EBFECE}.Release|Any CPU.Build.0 = Release|Any CPU
	EndGlobalSection
	GlobalSection(SolutionProperties) = preSolution
		HideSolutionNode = FALSE
	EndGlobalSection
	GlobalSection(ExtensibilityGlobals) = postSolution
		SolutionGuid = {C64E0A61-7600-455C-8253-E015E449C009}
	EndGlobalSection
EndGlobal
